
Microsoft Visual Studio Solution File, Format Version 12.00
# Visual Studio Version 16
VisualStudioVersion = 16.0.29728.190
MinimumVisualStudioVersion = 10.0.40219.1
Project("{FAE04EC0-301F-11D3-BF4B-00C04F79EFBC}") = "Voting-Calculator-Assignment", "Voting-Calculator-Assignment.csproj", "{6ACEA9E7-8629-46DF-A543-CE351E95245B}"
EndProject
Global
	GlobalSection(SolutionConfigurationPlatforms) = preSolution
		Debug|Any CPU = Debug|Any CPU
		Release|Any CPU = Release|Any CPU
	EndGlobalSection
	GlobalSection(ProjectConfigurationPlatforms) = postSolution
		{6ACEA9E7-8629-46DF-A543-CE351E95245B}.Debug|Any CPU.ActiveCfg = Debug|Any CPU
		{6ACEA9E7-8629-46DF-A543-CE351E95245B}.Debug|Any CPU.Build.0 = Debug|Any CPU
		{6ACEA9E7-8629-46DF-A543-CE351E95245B}.Release|Any CPU.ActiveCfg = Release|Any CPU
		{6ACEA9E7-8629-46DF-A543-CE351E95245B}.Release|Any CPU.Build.0 = Release|Any CPU
	EndGlobalSection
	GlobalSection(SolutionProperties) = preSolution
		HideSolutionNode = FALSE
	EndGlobalSection
	GlobalSection(ExtensibilityGlobals) = postSolution
		SolutionGuid = {5CA3B024-20E9-4903-818B-2ACB6DAC1B47}
	EndGlobalSection
EndGlobal
