
Microsoft Visual Studio Solution File, Format Version 12.00
# Visual Studio Version 16
VisualStudioVersion = 16.0.29728.190
MinimumVisualStudioVersion = 10.0.40219.1
Project("{FAE04EC0-301F-11D3-BF4B-00C04F79EFBC}") = "WinForms-VotingCalc", "WinForms-VotingCalc.csproj", "{18072BFC-98F0-4610-9F88-64B6D4CE5927}"
EndProject
Global
	GlobalSection(SolutionConfigurationPlatforms) = preSolution
		Debug|Any CPU = Debug|Any CPU
		Release|Any CPU = Release|Any CPU
	EndGlobalSection
	GlobalSection(ProjectConfigurationPlatforms) = postSolution
		{18072BFC-98F0-4610-9F88-64B6D4CE5927}.Debug|Any CPU.ActiveCfg = Debug|Any CPU
		{18072BFC-98F0-4610-9F88-64B6D4CE5927}.Debug|Any CPU.Build.0 = Debug|Any CPU
		{18072BFC-98F0-4610-9F88-64B6D4CE5927}.Release|Any CPU.ActiveCfg = Release|Any CPU
		{18072BFC-98F0-4610-9F88-64B6D4CE5927}.Release|Any CPU.Build.0 = Release|Any CPU
	EndGlobalSection
	GlobalSection(SolutionProperties) = preSolution
		HideSolutionNode = FALSE
	EndGlobalSection
	GlobalSection(ExtensibilityGlobals) = postSolution
		SolutionGuid = {3A3D96E0-D531-4635-8E8F-866E41C129D3}
	EndGlobalSection
EndGlobal
